
Microsoft Visual Studio Solution File, Format Version 12.00
# Visual Studio Version 17
VisualStudioVersion = 17.9.34616.47
MinimumVisualStudioVersion = 10.0.40219.1
Project("{FAE04EC0-301F-11D3-BF4B-00C04F79EFBC}") = "PolyFlow", "PolyFlow.csproj", "{928C9B14-3645-4557-859E-6ED877D472FB}"
EndProject
Global
	GlobalSection(SolutionConfigurationPlatforms) = preSolution
		Debug|Any CPU = Debug|Any CPU
		Release|Any CPU = Release|Any CPU
	EndGlobalSection
	GlobalSection(ProjectConfigurationPlatforms) = postSolution
		{928C9B14-3645-4557-859E-6ED877D472FB}.Debug|Any CPU.ActiveCfg = Debug|Any CPU
		{928C9B14-3645-4557-859E-6ED877D472FB}.Debug|Any CPU.Build.0 = Debug|Any CPU
		{928C9B14-3645-4557-859E-6ED877D472FB}.Release|Any CPU.ActiveCfg = Release|Any CPU
		{928C9B14-3645-4557-859E-6ED877D472FB}.Release|Any CPU.Build.0 = Release|Any CPU
	EndGlobalSection
	GlobalSection(SolutionProperties) = preSolution
		HideSolutionNode = FALSE
	EndGlobalSection
	GlobalSection(ExtensibilityGlobals) = postSolution
		SolutionGuid = {AA3FE2E2-8A3D-49E1-8465-00D7CD95129E}
	EndGlobalSection
EndGlobal
