
Microsoft Visual Studio Solution File, Format Version 12.00
# Visual Studio Version 17
VisualStudioVersion = 17.0.31903.59
MinimumVisualStudioVersion = 10.0.40219.1
Project("{FAE04EC0-301F-11D3-BF4B-00C04F79EFBC}") = "PolyFlow", "PolyFlow\PolyFlow.csproj", "{2652ACB6-ABD5-4D92-ADD0-C5B4219DDAFF}"
EndProject
Global
	GlobalSection(SolutionConfigurationPlatforms) = preSolution
		Debug|Any CPU = Debug|Any CPU
		Release|Any CPU = Release|Any CPU
	EndGlobalSection
	GlobalSection(SolutionProperties) = preSolution
		HideSolutionNode = FALSE
	EndGlobalSection
	GlobalSection(ProjectConfigurationPlatforms) = postSolution
		{2652ACB6-ABD5-4D92-ADD0-C5B4219DDAFF}.Debug|Any CPU.ActiveCfg = Debug|Any CPU
		{2652ACB6-ABD5-4D92-ADD0-C5B4219DDAFF}.Debug|Any CPU.Build.0 = Debug|Any CPU
		{2652ACB6-ABD5-4D92-ADD0-C5B4219DDAFF}.Release|Any CPU.ActiveCfg = Release|Any CPU
		{2652ACB6-ABD5-4D92-ADD0-C5B4219DDAFF}.Release|Any CPU.Build.0 = Release|Any CPU
	EndGlobalSection
EndGlobal
